// !$*UTF8*$!
{
	archiveVersion = 1;
	classes = {
	};
	objectVersion = 48;
	objects = {

/* Begin PBXBuildFile section */
		1B1A65981FD7DCC800961F63 /* TakeoffViewController.m in Sources */ = {isa = PBXBuildFile; fileRef = 1B1A65961FD7DCC800961F63 /* TakeoffViewController.m */; };
		1B1A65991FD7DCC800961F63 /* TakeoffViewController.xib in Resources */ = {isa = PBXBuildFile; fileRef = 1B1A65971FD7DCC800961F63 /* TakeoffViewController.xib */; };
		1B1A659C1FD7EC9600961F63 /* TakeoffControl.m in Sources */ = {isa = PBXBuildFile; fileRef = 1B1A659B1FD7EC9600961F63 /* TakeoffControl.m */; };
		1B1A65A11FD8942100961F63 /* AddPinViewController.m in Sources */ = {isa = PBXBuildFile; fileRef = 1B1A659F1FD8942100961F63 /* AddPinViewController.m */; };
		1B1A65A21FD8942100961F63 /* AddPinViewController.xib in Resources */ = {isa = PBXBuildFile; fileRef = 1B1A65A01FD8942100961F63 /* AddPinViewController.xib */; };
		1B1A65A51FD89D8C00961F63 /* DJIMapController.m in Sources */ = {isa = PBXBuildFile; fileRef = 1B1A65A41FD89D8C00961F63 /* DJIMapController.m */; };
		1B1A65A81FD89DE100961F63 /* DJIAircraftAnnotation.m in Sources */ = {isa = PBXBuildFile; fileRef = 1B1A65A71FD89DE100961F63 /* DJIAircraftAnnotation.m */; };
		1B1A65AB1FD89E2C00961F63 /* DJIAircraftAnnotationView.m in Sources */ = {isa = PBXBuildFile; fileRef = 1B1A65AA1FD89E2C00961F63 /* DJIAircraftAnnotationView.m */; };
		1B1A65AF1FD8ADCF00961F63 /* ToLocationConfigViewController.m in Sources */ = {isa = PBXBuildFile; fileRef = 1B1A65AD1FD8ADCF00961F63 /* ToLocationConfigViewController.m */; };
		1B1A65B01FD8ADCF00961F63 /* ToLocationConfigViewController.xib in Resources */ = {isa = PBXBuildFile; fileRef = 1B1A65AE1FD8ADCF00961F63 /* ToLocationConfigViewController.xib */; };
		1B1A65B41FD8B2E000961F63 /* FollowmeConfigViewController.m in Sources */ = {isa = PBXBuildFile; fileRef = 1B1A65B21FD8B2E000961F63 /* FollowmeConfigViewController.m */; };
		1B1A65B51FD8B2E000961F63 /* FollowmeConfigViewController.xib in Resources */ = {isa = PBXBuildFile; fileRef = 1B1A65B31FD8B2E000961F63 /* FollowmeConfigViewController.xib */; };
		1B1A65B91FD8C08B00961F63 /* LandingViewController.m in Sources */ = {isa = PBXBuildFile; fileRef = 1B1A65B71FD8C08B00961F63 /* LandingViewController.m */; };
		1B1A65BA1FD8C08B00961F63 /* LandingViewController.xib in Resources */ = {isa = PBXBuildFile; fileRef = 1B1A65B81FD8C08B00961F63 /* LandingViewController.xib */; };
		1B1A65BF1FD8D6A600961F63 /* ExploreConfigViewController.m in Sources */ = {isa = PBXBuildFile; fileRef = 1B1A65BD1FD8D6A600961F63 /* ExploreConfigViewController.m */; };
		1B1A65C01FD8D6A600961F63 /* ExploreConfigViewController.xib in Resources */ = {isa = PBXBuildFile; fileRef = 1B1A65BE1FD8D6A600961F63 /* ExploreConfigViewController.xib */; };
		1B1A65C41FD8D6BC00961F63 /* GimbleViewController.m in Sources */ = {isa = PBXBuildFile; fileRef = 1B1A65C21FD8D6BC00961F63 /* GimbleViewController.m */; };
		1B1A65C51FD8D6BC00961F63 /* GimbleViewController.xib in Resources */ = {isa = PBXBuildFile; fileRef = 1B1A65C31FD8D6BC00961F63 /* GimbleViewController.xib */; };
		1B298AE72093FA200064068A /* VirtualStickController.m in Sources */ = {isa = PBXBuildFile; fileRef = 1B298AE62093FA200064068A /* VirtualStickController.m */; };
		1B3AC82C1FE746D000BEB095 /* DJIController.m in Sources */ = {isa = PBXBuildFile; fileRef = 1B3AC82B1FE746D000BEB095 /* DJIController.m */; };
		1B3AC82D1FE7497400BEB095 /* MapKit.framework in Frameworks */ = {isa = PBXBuildFile; fileRef = 1BE5E8681FD0C58D0018E7B0 /* MapKit.framework */; };
		1B3AC8401FE74B3700BEB095 /* VideoPreviewer.framework in Frameworks */ = {isa = PBXBuildFile; fileRef = 1B3AC83F1FE74AC300BEB095 /* VideoPreviewer.framework */; };
		1B3AC8411FE74B3700BEB095 /* VideoPreviewer.framework in Embed Frameworks */ = {isa = PBXBuildFile; fileRef = 1B3AC83F1FE74AC300BEB095 /* VideoPreviewer.framework */; settings = {ATTRIBUTES = (CodeSignOnCopy, RemoveHeadersOnCopy, ); }; };
		1B3AC8471FE74D1300BEB095 /* FollowmeMissionController.m in Sources */ = {isa = PBXBuildFile; fileRef = 1B3AC8461FE74D1300BEB095 /* FollowmeMissionController.m */; };
		1B3AC84E1FEAEB9400BEB095 /* TimelineMissionController.m in Sources */ = {isa = PBXBuildFile; fileRef = 1B3AC84D1FEAEB9400BEB095 /* TimelineMissionController.m */; };
		1B3AC8521FEB215E00BEB095 /* CleaningViewController.m in Sources */ = {isa = PBXBuildFile; fileRef = 1B3AC8501FEB215E00BEB095 /* CleaningViewController.m */; };
		1B3AC8531FEB215E00BEB095 /* CleaningViewController.xib in Resources */ = {isa = PBXBuildFile; fileRef = 1B3AC8511FEB215E00BEB095 /* CleaningViewController.xib */; };
		1B3AC8561FEC7DC900BEB095 /* DJIGimbal+CapabilityCheck.m in Sources */ = {isa = PBXBuildFile; fileRef = 1B3AC8551FEC7DC900BEB095 /* DJIGimbal+CapabilityCheck.m */; };
		1B3AC85B1FEE103F00BEB095 /* OthersViewController.m in Sources */ = {isa = PBXBuildFile; fileRef = 1B3AC8591FEE103F00BEB095 /* OthersViewController.m */; };
		1B3AC85C1FEE103F00BEB095 /* OthersViewController.xib in Resources */ = {isa = PBXBuildFile; fileRef = 1B3AC85A1FEE103F00BEB095 /* OthersViewController.xib */; };
		1B5F49F81FD61C260000FAD4 /* DemoUtility.m in Sources */ = {isa = PBXBuildFile; fileRef = 1B5F49F71FD61C260000FAD4 /* DemoUtility.m */; };
		1B66346020968123007CFCD4 /* VirtualStickCleaningViewController.m in Sources */ = {isa = PBXBuildFile; fileRef = 1B66345E20968123007CFCD4 /* VirtualStickCleaningViewController.m */; };
		1B66346120968123007CFCD4 /* VirtualStickCleaningViewController.xib in Resources */ = {isa = PBXBuildFile; fileRef = 1B66345F20968123007CFCD4 /* VirtualStickCleaningViewController.xib */; };
		1BD79C5B20423E5A0052BD69 /* DroneLocationUpdate.m in Sources */ = {isa = PBXBuildFile; fileRef = 1BD79C5A20423E5A0052BD69 /* DroneLocationUpdate.m */; };
		1BD79C63204B883C0052BD69 /* WayPointModel.m in Sources */ = {isa = PBXBuildFile; fileRef = 1BD79C62204B883C0052BD69 /* WayPointModel.m */; };
		1BD79C66204CE0420052BD69 /* DroneStatusModel.m in Sources */ = {isa = PBXBuildFile; fileRef = 1BD79C65204CE0420052BD69 /* DroneStatusModel.m */; };
		1BD79C69204CFC1D0052BD69 /* FollowmeConfigModel.m in Sources */ = {isa = PBXBuildFile; fileRef = 1BD79C68204CFC1D0052BD69 /* FollowmeConfigModel.m */; };
		1BE5E8141FBFE40C0018E7B0 /* AppDelegate.m in Sources */ = {isa = PBXBuildFile; fileRef = 1BE5E8131FBFE40C0018E7B0 /* AppDelegate.m */; };
		1BE5E8171FBFE40C0018E7B0 /* ViewController.m in Sources */ = {isa = PBXBuildFile; fileRef = 1BE5E8161FBFE40C0018E7B0 /* ViewController.m */; };
		1BE5E81A1FBFE40C0018E7B0 /* Main.storyboard in Resources */ = {isa = PBXBuildFile; fileRef = 1BE5E8181FBFE40C0018E7B0 /* Main.storyboard */; };
		1BE5E81C1FBFE40C0018E7B0 /* Assets.xcassets in Resources */ = {isa = PBXBuildFile; fileRef = 1BE5E81B1FBFE40C0018E7B0 /* Assets.xcassets */; };
		1BE5E81F1FBFE40C0018E7B0 /* LaunchScreen.storyboard in Resources */ = {isa = PBXBuildFile; fileRef = 1BE5E81D1FBFE40C0018E7B0 /* LaunchScreen.storyboard */; };
		1BE5E8221FBFE40C0018E7B0 /* main.m in Sources */ = {isa = PBXBuildFile; fileRef = 1BE5E8211FBFE40C0018E7B0 /* main.m */; };
		1BE5E82C1FBFE40C0018E7B0 /* iOSDroneNavigationAppTests.m in Sources */ = {isa = PBXBuildFile; fileRef = 1BE5E82B1FBFE40C0018E7B0 /* iOSDroneNavigationAppTests.m */; };
		1BE5E8371FBFE40C0018E7B0 /* iOSDroneNavigationAppUITests.m in Sources */ = {isa = PBXBuildFile; fileRef = 1BE5E8361FBFE40C0018E7B0 /* iOSDroneNavigationAppUITests.m */; };
		1BE5E8481FCFC4DA0018E7B0 /* LeftButtonListViewController.m in Sources */ = {isa = PBXBuildFile; fileRef = 1BE5E8461FCFC4DA0018E7B0 /* LeftButtonListViewController.m */; };
		1BE5E8491FCFC4DA0018E7B0 /* LeftButtonListViewController.xib in Resources */ = {isa = PBXBuildFile; fileRef = 1BE5E8471FCFC4DA0018E7B0 /* LeftButtonListViewController.xib */; };
		1BE5E8501FCFC5120018E7B0 /* RightButtonListViewController.m in Sources */ = {isa = PBXBuildFile; fileRef = 1BE5E84E1FCFC5120018E7B0 /* RightButtonListViewController.m */; };
		1BE5E8511FCFC5120018E7B0 /* RightButtonListViewController.xib in Resources */ = {isa = PBXBuildFile; fileRef = 1BE5E84F1FCFC5120018E7B0 /* RightButtonListViewController.xib */; };
		1BE5E85A1FCFC53C0018E7B0 /* MapViewController.m in Sources */ = {isa = PBXBuildFile; fileRef = 1BE5E8581FCFC53C0018E7B0 /* MapViewController.m */; };
		1BE5E85B1FCFC53C0018E7B0 /* MapViewController.xib in Resources */ = {isa = PBXBuildFile; fileRef = 1BE5E8591FCFC53C0018E7B0 /* MapViewController.xib */; };
		1BE5E85F1FCFCBB50018E7B0 /* VideoViewController.m in Sources */ = {isa = PBXBuildFile; fileRef = 1BE5E85D1FCFCBB50018E7B0 /* VideoViewController.m */; };
		1BE5E8601FCFCBB50018E7B0 /* VideoViewController.xib in Resources */ = {isa = PBXBuildFile; fileRef = 1BE5E85E1FCFCBB50018E7B0 /* VideoViewController.xib */; };
		1BE5E8651FD0C2630018E7B0 /* CheckListTableViewController.m in Sources */ = {isa = PBXBuildFile; fileRef = 1BE5E8631FD0C2630018E7B0 /* CheckListTableViewController.m */; };
		1BE5E8661FD0C2630018E7B0 /* CheckListTableViewController.xib in Resources */ = {isa = PBXBuildFile; fileRef = 1BE5E8641FD0C2630018E7B0 /* CheckListTableViewController.xib */; };
		1BE5E86D1FD0F1720018E7B0 /* VoiceViewController.m in Sources */ = {isa = PBXBuildFile; fileRef = 1BE5E86B1FD0F1720018E7B0 /* VoiceViewController.m */; };
		1BE5E86E1FD0F1720018E7B0 /* VoiceViewController.xib in Resources */ = {isa = PBXBuildFile; fileRef = 1BE5E86C1FD0F1720018E7B0 /* VoiceViewController.xib */; };
		1BE5E8721FD0F7D90018E7B0 /* CheckListTableViewCell.m in Sources */ = {isa = PBXBuildFile; fileRef = 1BE5E8701FD0F7D90018E7B0 /* CheckListTableViewCell.m */; };
		1BE5E8731FD0F7D90018E7B0 /* CheckListTableViewCell.xib in Resources */ = {isa = PBXBuildFile; fileRef = 1BE5E8711FD0F7D90018E7B0 /* CheckListTableViewCell.xib */; };
		DBA1793432A73D667BAA7443 /* libPods-iOSDroneNavigationApp.a in Frameworks */ = {isa = PBXBuildFile; fileRef = B40A8B2D8BC97A3193B634A1 /* libPods-iOSDroneNavigationApp.a */; };
/* End PBXBuildFile section */

/* Begin PBXContainerItemProxy section */
		1B3AC83E1FE74AC300BEB095 /* PBXContainerItemProxy */ = {
			isa = PBXContainerItemProxy;
			containerPortal = 1B3AC83A1FE74AC200BEB095 /* VideoPreviewer.xcodeproj */;
			proxyType = 2;
			remoteGlobalIDString = 02A543FD1C3C51CB0083C11B;
			remoteInfo = VideoPreviewer;
		};
		1B3AC8421FE74B3700BEB095 /* PBXContainerItemProxy */ = {
			isa = PBXContainerItemProxy;
			containerPortal = 1B3AC83A1FE74AC200BEB095 /* VideoPreviewer.xcodeproj */;
			proxyType = 1;
			remoteGlobalIDString = 02A543FC1C3C51CB0083C11B;
			remoteInfo = VideoPreviewer;
		};
		1BE5E8281FBFE40C0018E7B0 /* PBXContainerItemProxy */ = {
			isa = PBXContainerItemProxy;
			containerPortal = 1BE5E8071FBFE40C0018E7B0 /* Project object */;
			proxyType = 1;
			remoteGlobalIDString = 1BE5E80E1FBFE40C0018E7B0;
			remoteInfo = iOSDroneNavigationApp;
		};
		1BE5E8331FBFE40C0018E7B0 /* PBXContainerItemProxy */ = {
			isa = PBXContainerItemProxy;
			containerPortal = 1BE5E8071FBFE40C0018E7B0 /* Project object */;
			proxyType = 1;
			remoteGlobalIDString = 1BE5E80E1FBFE40C0018E7B0;
			remoteInfo = iOSDroneNavigationApp;
		};
/* End PBXContainerItemProxy section */

/* Begin PBXCopyFilesBuildPhase section */
		1B3AC8441FE74B3700BEB095 /* Embed Frameworks */ = {
			isa = PBXCopyFilesBuildPhase;
			buildActionMask = 2147483647;
			dstPath = "";
			dstSubfolderSpec = 10;
			files = (
				1B3AC8411FE74B3700BEB095 /* VideoPreviewer.framework in Embed Frameworks */,
			);
			name = "Embed Frameworks";
			runOnlyForDeploymentPostprocessing = 0;
		};
/* End PBXCopyFilesBuildPhase section */

/* Begin PBXFileReference section */
		126DFC7087B1D608A3DC060A /* Pods-iOSDroneNavigationApp.debug.xcconfig */ = {isa = PBXFileReference; includeInIndex = 1; lastKnownFileType = text.xcconfig; name = "Pods-iOSDroneNavigationApp.debug.xcconfig"; path = "Pods/Target Support Files/Pods-iOSDroneNavigationApp/Pods-iOSDroneNavigationApp.debug.xcconfig"; sourceTree = "<group>"; };
		1B1A65951FD7DCC800961F63 /* TakeoffViewController.h */ = {isa = PBXFileReference; lastKnownFileType = sourcecode.c.h; path = TakeoffViewController.h; sourceTree = "<group>"; };
		1B1A65961FD7DCC800961F63 /* TakeoffViewController.m */ = {isa = PBXFileReference; lastKnownFileType = sourcecode.c.objc; path = TakeoffViewController.m; sourceTree = "<group>"; };
		1B1A65971FD7DCC800961F63 /* TakeoffViewController.xib */ = {isa = PBXFileReference; lastKnownFileType = file.xib; path = TakeoffViewController.xib; sourceTree = "<group>"; };
		1B1A659A1FD7EC9600961F63 /* TakeoffControl.h */ = {isa = PBXFileReference; lastKnownFileType = sourcecode.c.h; path = TakeoffControl.h; sourceTree = "<group>"; };
		1B1A659B1FD7EC9600961F63 /* TakeoffControl.m */ = {isa = PBXFileReference; lastKnownFileType = sourcecode.c.objc; path = TakeoffControl.m; sourceTree = "<group>"; };
		1B1A659E1FD8942100961F63 /* AddPinViewController.h */ = {isa = PBXFileReference; lastKnownFileType = sourcecode.c.h; path = AddPinViewController.h; sourceTree = "<group>"; };
		1B1A659F1FD8942100961F63 /* AddPinViewController.m */ = {isa = PBXFileReference; lastKnownFileType = sourcecode.c.objc; path = AddPinViewController.m; sourceTree = "<group>"; };
		1B1A65A01FD8942100961F63 /* AddPinViewController.xib */ = {isa = PBXFileReference; lastKnownFileType = file.xib; path = AddPinViewController.xib; sourceTree = "<group>"; };
		1B1A65A31FD89D8C00961F63 /* DJIMapController.h */ = {isa = PBXFileReference; lastKnownFileType = sourcecode.c.h; path = DJIMapController.h; sourceTree = "<group>"; };
		1B1A65A41FD89D8C00961F63 /* DJIMapController.m */ = {isa = PBXFileReference; lastKnownFileType = sourcecode.c.objc; path = DJIMapController.m; sourceTree = "<group>"; };
		1B1A65A61FD89DE100961F63 /* DJIAircraftAnnotation.h */ = {isa = PBXFileReference; lastKnownFileType = sourcecode.c.h; path = DJIAircraftAnnotation.h; sourceTree = "<group>"; };
		1B1A65A71FD89DE100961F63 /* DJIAircraftAnnotation.m */ = {isa = PBXFileReference; lastKnownFileType = sourcecode.c.objc; path = DJIAircraftAnnotation.m; sourceTree = "<group>"; };
		1B1A65A91FD89E2C00961F63 /* DJIAircraftAnnotationView.h */ = {isa = PBXFileReference; lastKnownFileType = sourcecode.c.h; path = DJIAircraftAnnotationView.h; sourceTree = "<group>"; };
		1B1A65AA1FD89E2C00961F63 /* DJIAircraftAnnotationView.m */ = {isa = PBXFileReference; lastKnownFileType = sourcecode.c.objc; path = DJIAircraftAnnotationView.m; sourceTree = "<group>"; };
		1B1A65AC1FD8ADCF00961F63 /* ToLocationConfigViewController.h */ = {isa = PBXFileReference; lastKnownFileType = sourcecode.c.h; path = ToLocationConfigViewController.h; sourceTree = "<group>"; };
		1B1A65AD1FD8ADCF00961F63 /* ToLocationConfigViewController.m */ = {isa = PBXFileReference; lastKnownFileType = sourcecode.c.objc; path = ToLocationConfigViewController.m; sourceTree = "<group>"; };
		1B1A65AE1FD8ADCF00961F63 /* ToLocationConfigViewController.xib */ = {isa = PBXFileReference; lastKnownFileType = file.xib; path = ToLocationConfigViewController.xib; sourceTree = "<group>"; };
		1B1A65B11FD8B2E000961F63 /* FollowmeConfigViewController.h */ = {isa = PBXFileReference; lastKnownFileType = sourcecode.c.h; path = FollowmeConfigViewController.h; sourceTree = "<group>"; };
		1B1A65B21FD8B2E000961F63 /* FollowmeConfigViewController.m */ = {isa = PBXFileReference; lastKnownFileType = sourcecode.c.objc; path = FollowmeConfigViewController.m; sourceTree = "<group>"; };
		1B1A65B31FD8B2E000961F63 /* FollowmeConfigViewController.xib */ = {isa = PBXFileReference; lastKnownFileType = file.xib; path = FollowmeConfigViewController.xib; sourceTree = "<group>"; };
		1B1A65B61FD8C08B00961F63 /* LandingViewController.h */ = {isa = PBXFileReference; lastKnownFileType = sourcecode.c.h; path = LandingViewController.h; sourceTree = "<group>"; };
		1B1A65B71FD8C08B00961F63 /* LandingViewController.m */ = {isa = PBXFileReference; lastKnownFileType = sourcecode.c.objc; path = LandingViewController.m; sourceTree = "<group>"; };
		1B1A65B81FD8C08B00961F63 /* LandingViewController.xib */ = {isa = PBXFileReference; lastKnownFileType = file.xib; path = LandingViewController.xib; sourceTree = "<group>"; };
		1B1A65BC1FD8D6A600961F63 /* ExploreConfigViewController.h */ = {isa = PBXFileReference; lastKnownFileType = sourcecode.c.h; path = ExploreConfigViewController.h; sourceTree = "<group>"; };
		1B1A65BD1FD8D6A600961F63 /* ExploreConfigViewController.m */ = {isa = PBXFileReference; lastKnownFileType = sourcecode.c.objc; path = ExploreConfigViewController.m; sourceTree = "<group>"; };
		1B1A65BE1FD8D6A600961F63 /* ExploreConfigViewController.xib */ = {isa = PBXFileReference; lastKnownFileType = file.xib; path = ExploreConfigViewController.xib; sourceTree = "<group>"; };
		1B1A65C11FD8D6BC00961F63 /* GimbleViewController.h */ = {isa = PBXFileReference; lastKnownFileType = sourcecode.c.h; path = GimbleViewController.h; sourceTree = "<group>"; };
		1B1A65C21FD8D6BC00961F63 /* GimbleViewController.m */ = {isa = PBXFileReference; lastKnownFileType = sourcecode.c.objc; path = GimbleViewController.m; sourceTree = "<group>"; };
		1B1A65C31FD8D6BC00961F63 /* GimbleViewController.xib */ = {isa = PBXFileReference; lastKnownFileType = file.xib; path = GimbleViewController.xib; sourceTree = "<group>"; };
		1B298AE52093FA200064068A /* VirtualStickController.h */ = {isa = PBXFileReference; lastKnownFileType = sourcecode.c.h; path = VirtualStickController.h; sourceTree = "<group>"; };
		1B298AE62093FA200064068A /* VirtualStickController.m */ = {isa = PBXFileReference; lastKnownFileType = sourcecode.c.objc; path = VirtualStickController.m; sourceTree = "<group>"; };
		1B3AC82A1FE746D000BEB095 /* DJIController.h */ = {isa = PBXFileReference; lastKnownFileType = sourcecode.c.h; path = DJIController.h; sourceTree = "<group>"; };
		1B3AC82B1FE746D000BEB095 /* DJIController.m */ = {isa = PBXFileReference; lastKnownFileType = sourcecode.c.objc; path = DJIController.m; sourceTree = "<group>"; };
		1B3AC83A1FE74AC200BEB095 /* VideoPreviewer.xcodeproj */ = {isa = PBXFileReference; lastKnownFileType = "wrapper.pb-project"; name = VideoPreviewer.xcodeproj; path = VideoPreviewer/VideoPreviewer.xcodeproj; sourceTree = "<group>"; };
		1B3AC8451FE74D1300BEB095 /* FollowmeMissionController.h */ = {isa = PBXFileReference; lastKnownFileType = sourcecode.c.h; path = FollowmeMissionController.h; sourceTree = "<group>"; };
		1B3AC8461FE74D1300BEB095 /* FollowmeMissionController.m */ = {isa = PBXFileReference; lastKnownFileType = sourcecode.c.objc; path = FollowmeMissionController.m; sourceTree = "<group>"; };
		1B3AC84C1FEAEB9400BEB095 /* TimelineMissionController.h */ = {isa = PBXFileReference; lastKnownFileType = sourcecode.c.h; path = TimelineMissionController.h; sourceTree = "<group>"; };
		1B3AC84D1FEAEB9400BEB095 /* TimelineMissionController.m */ = {isa = PBXFileReference; lastKnownFileType = sourcecode.c.objc; path = TimelineMissionController.m; sourceTree = "<group>"; };
		1B3AC84F1FEB215E00BEB095 /* CleaningViewController.h */ = {isa = PBXFileReference; lastKnownFileType = sourcecode.c.h; path = CleaningViewController.h; sourceTree = "<group>"; };
		1B3AC8501FEB215E00BEB095 /* CleaningViewController.m */ = {isa = PBXFileReference; lastKnownFileType = sourcecode.c.objc; path = CleaningViewController.m; sourceTree = "<group>"; };
		1B3AC8511FEB215E00BEB095 /* CleaningViewController.xib */ = {isa = PBXFileReference; lastKnownFileType = file.xib; path = CleaningViewController.xib; sourceTree = "<group>"; };
		1B3AC8541FEC7DC900BEB095 /* DJIGimbal+CapabilityCheck.h */ = {isa = PBXFileReference; lastKnownFileType = sourcecode.c.h; path = "DJIGimbal+CapabilityCheck.h"; sourceTree = "<group>"; };
		1B3AC8551FEC7DC900BEB095 /* DJIGimbal+CapabilityCheck.m */ = {isa = PBXFileReference; lastKnownFileType = sourcecode.c.objc; path = "DJIGimbal+CapabilityCheck.m"; sourceTree = "<group>"; };
		1B3AC8581FEE103F00BEB095 /* OthersViewController.h */ = {isa = PBXFileReference; lastKnownFileType = sourcecode.c.h; path = OthersViewController.h; sourceTree = "<group>"; };
		1B3AC8591FEE103F00BEB095 /* OthersViewController.m */ = {isa = PBXFileReference; lastKnownFileType = sourcecode.c.objc; path = OthersViewController.m; sourceTree = "<group>"; };
		1B3AC85A1FEE103F00BEB095 /* OthersViewController.xib */ = {isa = PBXFileReference; lastKnownFileType = file.xib; path = OthersViewController.xib; sourceTree = "<group>"; };
		1B5F49F61FD61C260000FAD4 /* DemoUtility.h */ = {isa = PBXFileReference; lastKnownFileType = sourcecode.c.h; path = DemoUtility.h; sourceTree = "<group>"; };
		1B5F49F71FD61C260000FAD4 /* DemoUtility.m */ = {isa = PBXFileReference; lastKnownFileType = sourcecode.c.objc; path = DemoUtility.m; sourceTree = "<group>"; };
		1B66345D20968123007CFCD4 /* VirtualStickCleaningViewController.h */ = {isa = PBXFileReference; lastKnownFileType = sourcecode.c.h; path = VirtualStickCleaningViewController.h; sourceTree = "<group>"; };
		1B66345E20968123007CFCD4 /* VirtualStickCleaningViewController.m */ = {isa = PBXFileReference; lastKnownFileType = sourcecode.c.objc; path = VirtualStickCleaningViewController.m; sourceTree = "<group>"; };
		1B66345F20968123007CFCD4 /* VirtualStickCleaningViewController.xib */ = {isa = PBXFileReference; lastKnownFileType = file.xib; path = VirtualStickCleaningViewController.xib; sourceTree = "<group>"; };
		1B905C162093DC22007B4F2F /* PrefixHeader.pch */ = {isa = PBXFileReference; lastKnownFileType = sourcecode.c.h; path = PrefixHeader.pch; sourceTree = "<group>"; };
		1BD79C5920423E5A0052BD69 /* DroneLocationUpdate.h */ = {isa = PBXFileReference; lastKnownFileType = sourcecode.c.h; path = DroneLocationUpdate.h; sourceTree = "<group>"; };
		1BD79C5A20423E5A0052BD69 /* DroneLocationUpdate.m */ = {isa = PBXFileReference; lastKnownFileType = sourcecode.c.objc; path = DroneLocationUpdate.m; sourceTree = "<group>"; };
		1BD79C61204B883C0052BD69 /* WayPointModel.h */ = {isa = PBXFileReference; lastKnownFileType = sourcecode.c.h; path = WayPointModel.h; sourceTree = "<group>"; };
		1BD79C62204B883C0052BD69 /* WayPointModel.m */ = {isa = PBXFileReference; lastKnownFileType = sourcecode.c.objc; path = WayPointModel.m; sourceTree = "<group>"; };
		1BD79C64204CE0420052BD69 /* DroneStatusModel.h */ = {isa = PBXFileReference; lastKnownFileType = sourcecode.c.h; path = DroneStatusModel.h; sourceTree = "<group>"; };
		1BD79C65204CE0420052BD69 /* DroneStatusModel.m */ = {isa = PBXFileReference; lastKnownFileType = sourcecode.c.objc; path = DroneStatusModel.m; sourceTree = "<group>"; };
		1BD79C67204CFC1D0052BD69 /* FollowmeConfigModel.h */ = {isa = PBXFileReference; lastKnownFileType = sourcecode.c.h; path = FollowmeConfigModel.h; sourceTree = "<group>"; };
		1BD79C68204CFC1D0052BD69 /* FollowmeConfigModel.m */ = {isa = PBXFileReference; lastKnownFileType = sourcecode.c.objc; path = FollowmeConfigModel.m; sourceTree = "<group>"; };
		1BE5E80F1FBFE40C0018E7B0 /* iOSDroneNavigationApp.app */ = {isa = PBXFileReference; explicitFileType = wrapper.application; includeInIndex = 0; path = iOSDroneNavigationApp.app; sourceTree = BUILT_PRODUCTS_DIR; };
		1BE5E8121FBFE40C0018E7B0 /* AppDelegate.h */ = {isa = PBXFileReference; lastKnownFileType = sourcecode.c.h; path = AppDelegate.h; sourceTree = "<group>"; };
		1BE5E8131FBFE40C0018E7B0 /* AppDelegate.m */ = {isa = PBXFileReference; lastKnownFileType = sourcecode.c.objc; path = AppDelegate.m; sourceTree = "<group>"; };
		1BE5E8151FBFE40C0018E7B0 /* ViewController.h */ = {isa = PBXFileReference; lastKnownFileType = sourcecode.c.h; path = ViewController.h; sourceTree = "<group>"; };
		1BE5E8161FBFE40C0018E7B0 /* ViewController.m */ = {isa = PBXFileReference; lastKnownFileType = sourcecode.c.objc; path = ViewController.m; sourceTree = "<group>"; };
		1BE5E8191FBFE40C0018E7B0 /* Base */ = {isa = PBXFileReference; lastKnownFileType = file.storyboard; name = Base; path = Base.lproj/Main.storyboard; sourceTree = "<group>"; };
		1BE5E81B1FBFE40C0018E7B0 /* Assets.xcassets */ = {isa = PBXFileReference; lastKnownFileType = folder.assetcatalog; path = Assets.xcassets; sourceTree = "<group>"; };
		1BE5E81E1FBFE40C0018E7B0 /* Base */ = {isa = PBXFileReference; lastKnownFileType = file.storyboard; name = Base; path = Base.lproj/LaunchScreen.storyboard; sourceTree = "<group>"; };
		1BE5E8201FBFE40C0018E7B0 /* Info.plist */ = {isa = PBXFileReference; lastKnownFileType = text.plist.xml; path = Info.plist; sourceTree = "<group>"; };
		1BE5E8211FBFE40C0018E7B0 /* main.m */ = {isa = PBXFileReference; lastKnownFileType = sourcecode.c.objc; path = main.m; sourceTree = "<group>"; };
		1BE5E8271FBFE40C0018E7B0 /* iOSDroneNavigationAppTests.xctest */ = {isa = PBXFileReference; explicitFileType = wrapper.cfbundle; includeInIndex = 0; path = iOSDroneNavigationAppTests.xctest; sourceTree = BUILT_PRODUCTS_DIR; };
		1BE5E82B1FBFE40C0018E7B0 /* iOSDroneNavigationAppTests.m */ = {isa = PBXFileReference; lastKnownFileType = sourcecode.c.objc; path = iOSDroneNavigationAppTests.m; sourceTree = "<group>"; };
		1BE5E82D1FBFE40C0018E7B0 /* Info.plist */ = {isa = PBXFileReference; lastKnownFileType = text.plist.xml; path = Info.plist; sourceTree = "<group>"; };
		1BE5E8321FBFE40C0018E7B0 /* iOSDroneNavigationAppUITests.xctest */ = {isa = PBXFileReference; explicitFileType = wrapper.cfbundle; includeInIndex = 0; path = iOSDroneNavigationAppUITests.xctest; sourceTree = BUILT_PRODUCTS_DIR; };
		1BE5E8361FBFE40C0018E7B0 /* iOSDroneNavigationAppUITests.m */ = {isa = PBXFileReference; lastKnownFileType = sourcecode.c.objc; path = iOSDroneNavigationAppUITests.m; sourceTree = "<group>"; };
		1BE5E8381FBFE40C0018E7B0 /* Info.plist */ = {isa = PBXFileReference; lastKnownFileType = text.plist.xml; path = Info.plist; sourceTree = "<group>"; };
		1BE5E8451FCFC4DA0018E7B0 /* LeftButtonListViewController.h */ = {isa = PBXFileReference; lastKnownFileType = sourcecode.c.h; path = LeftButtonListViewController.h; sourceTree = "<group>"; };
		1BE5E8461FCFC4DA0018E7B0 /* LeftButtonListViewController.m */ = {isa = PBXFileReference; lastKnownFileType = sourcecode.c.objc; path = LeftButtonListViewController.m; sourceTree = "<group>"; };
		1BE5E8471FCFC4DA0018E7B0 /* LeftButtonListViewController.xib */ = {isa = PBXFileReference; lastKnownFileType = file.xib; path = LeftButtonListViewController.xib; sourceTree = "<group>"; };
		1BE5E84D1FCFC5120018E7B0 /* RightButtonListViewController.h */ = {isa = PBXFileReference; lastKnownFileType = sourcecode.c.h; path = RightButtonListViewController.h; sourceTree = "<group>"; };
		1BE5E84E1FCFC5120018E7B0 /* RightButtonListViewController.m */ = {isa = PBXFileReference; lastKnownFileType = sourcecode.c.objc; path = RightButtonListViewController.m; sourceTree = "<group>"; };
		1BE5E84F1FCFC5120018E7B0 /* RightButtonListViewController.xib */ = {isa = PBXFileReference; lastKnownFileType = file.xib; path = RightButtonListViewController.xib; sourceTree = "<group>"; };
		1BE5E8571FCFC53C0018E7B0 /* MapViewController.h */ = {isa = PBXFileReference; lastKnownFileType = sourcecode.c.h; path = MapViewController.h; sourceTree = "<group>"; };
		1BE5E8581FCFC53C0018E7B0 /* MapViewController.m */ = {isa = PBXFileReference; lastKnownFileType = sourcecode.c.objc; path = MapViewController.m; sourceTree = "<group>"; };
		1BE5E8591FCFC53C0018E7B0 /* MapViewController.xib */ = {isa = PBXFileReference; lastKnownFileType = file.xib; path = MapViewController.xib; sourceTree = "<group>"; };
		1BE5E85C1FCFCBB50018E7B0 /* VideoViewController.h */ = {isa = PBXFileReference; lastKnownFileType = sourcecode.c.h; path = VideoViewController.h; sourceTree = "<group>"; };
		1BE5E85D1FCFCBB50018E7B0 /* VideoViewController.m */ = {isa = PBXFileReference; lastKnownFileType = sourcecode.c.objc; path = VideoViewController.m; sourceTree = "<group>"; };
		1BE5E85E1FCFCBB50018E7B0 /* VideoViewController.xib */ = {isa = PBXFileReference; lastKnownFileType = file.xib; path = VideoViewController.xib; sourceTree = "<group>"; };
		1BE5E8621FD0C2630018E7B0 /* CheckListTableViewController.h */ = {isa = PBXFileReference; lastKnownFileType = sourcecode.c.h; path = CheckListTableViewController.h; sourceTree = "<group>"; };
		1BE5E8631FD0C2630018E7B0 /* CheckListTableViewController.m */ = {isa = PBXFileReference; lastKnownFileType = sourcecode.c.objc; path = CheckListTableViewController.m; sourceTree = "<group>"; };
		1BE5E8641FD0C2630018E7B0 /* CheckListTableViewController.xib */ = {isa = PBXFileReference; lastKnownFileType = file.xib; path = CheckListTableViewController.xib; sourceTree = "<group>"; };
		1BE5E8681FD0C58D0018E7B0 /* MapKit.framework */ = {isa = PBXFileReference; lastKnownFileType = wrapper.framework; name = MapKit.framework; path = System/Library/Frameworks/MapKit.framework; sourceTree = SDKROOT; };
		1BE5E8691FD0C5980018E7B0 /* iOSDroneNavigationApp.entitlements */ = {isa = PBXFileReference; lastKnownFileType = text.plist.entitlements; path = iOSDroneNavigationApp.entitlements; sourceTree = "<group>"; };
		1BE5E86A1FD0F1720018E7B0 /* VoiceViewController.h */ = {isa = PBXFileReference; lastKnownFileType = sourcecode.c.h; path = VoiceViewController.h; sourceTree = "<group>"; };
		1BE5E86B1FD0F1720018E7B0 /* VoiceViewController.m */ = {isa = PBXFileReference; lastKnownFileType = sourcecode.c.objc; path = VoiceViewController.m; sourceTree = "<group>"; };
		1BE5E86C1FD0F1720018E7B0 /* VoiceViewController.xib */ = {isa = PBXFileReference; lastKnownFileType = file.xib; path = VoiceViewController.xib; sourceTree = "<group>"; };
		1BE5E86F1FD0F7D90018E7B0 /* CheckListTableViewCell.h */ = {isa = PBXFileReference; lastKnownFileType = sourcecode.c.h; path = CheckListTableViewCell.h; sourceTree = "<group>"; };
		1BE5E8701FD0F7D90018E7B0 /* CheckListTableViewCell.m */ = {isa = PBXFileReference; lastKnownFileType = sourcecode.c.objc; path = CheckListTableViewCell.m; sourceTree = "<group>"; };
		1BE5E8711FD0F7D90018E7B0 /* CheckListTableViewCell.xib */ = {isa = PBXFileReference; lastKnownFileType = file.xib; path = CheckListTableViewCell.xib; sourceTree = "<group>"; };
		61A8619EB018B43CB30F08F8 /* Pods-iOSDroneNavigationApp.release.xcconfig */ = {isa = PBXFileReference; includeInIndex = 1; lastKnownFileType = text.xcconfig; name = "Pods-iOSDroneNavigationApp.release.xcconfig"; path = "Pods/Target Support Files/Pods-iOSDroneNavigationApp/Pods-iOSDroneNavigationApp.release.xcconfig"; sourceTree = "<group>"; };
		B40A8B2D8BC97A3193B634A1 /* libPods-iOSDroneNavigationApp.a */ = {isa = PBXFileReference; explicitFileType = archive.ar; includeInIndex = 0; path = "libPods-iOSDroneNavigationApp.a"; sourceTree = BUILT_PRODUCTS_DIR; };
/* End PBXFileReference section */

/* Begin PBXFrameworksBuildPhase section */
		1BE5E80C1FBFE40C0018E7B0 /* Frameworks */ = {
			isa = PBXFrameworksBuildPhase;
			buildActionMask = 2147483647;
			files = (
				1B3AC82D1FE7497400BEB095 /* MapKit.framework in Frameworks */,
				DBA1793432A73D667BAA7443 /* libPods-iOSDroneNavigationApp.a in Frameworks */,
				1B3AC8401FE74B3700BEB095 /* VideoPreviewer.framework in Frameworks */,
			);
			runOnlyForDeploymentPostprocessing = 0;
		};
		1BE5E8241FBFE40C0018E7B0 /* Frameworks */ = {
			isa = PBXFrameworksBuildPhase;
			buildActionMask = 2147483647;
			files = (
			);
			runOnlyForDeploymentPostprocessing = 0;
		};
		1BE5E82F1FBFE40C0018E7B0 /* Frameworks */ = {
			isa = PBXFrameworksBuildPhase;
			buildActionMask = 2147483647;
			files = (
			);
			runOnlyForDeploymentPostprocessing = 0;
		};
/* End PBXFrameworksBuildPhase section */

/* Begin PBXGroup section */
		1B3AC83B1FE74AC200BEB095 /* Products */ = {
			isa = PBXGroup;
			children = (
				1B3AC83F1FE74AC300BEB095 /* VideoPreviewer.framework */,
			);
			name = Products;
			sourceTree = "<group>";
		};
		1BB508AE1FD7841E00277F23 /* Config */ = {
			isa = PBXGroup;
			children = (
				1B1A65951FD7DCC800961F63 /* TakeoffViewController.h */,
				1B1A65961FD7DCC800961F63 /* TakeoffViewController.m */,
				1B1A65971FD7DCC800961F63 /* TakeoffViewController.xib */,
				1B1A659E1FD8942100961F63 /* AddPinViewController.h */,
				1B1A659F1FD8942100961F63 /* AddPinViewController.m */,
				1B1A65A01FD8942100961F63 /* AddPinViewController.xib */,
				1B1A65AC1FD8ADCF00961F63 /* ToLocationConfigViewController.h */,
				1B1A65AD1FD8ADCF00961F63 /* ToLocationConfigViewController.m */,
				1B1A65AE1FD8ADCF00961F63 /* ToLocationConfigViewController.xib */,
				1B1A65B11FD8B2E000961F63 /* FollowmeConfigViewController.h */,
				1B1A65B21FD8B2E000961F63 /* FollowmeConfigViewController.m */,
				1B1A65B31FD8B2E000961F63 /* FollowmeConfigViewController.xib */,
				1B1A65B61FD8C08B00961F63 /* LandingViewController.h */,
				1B1A65B71FD8C08B00961F63 /* LandingViewController.m */,
				1B1A65B81FD8C08B00961F63 /* LandingViewController.xib */,
				1B1A65BC1FD8D6A600961F63 /* ExploreConfigViewController.h */,
				1B1A65BD1FD8D6A600961F63 /* ExploreConfigViewController.m */,
				1B1A65BE1FD8D6A600961F63 /* ExploreConfigViewController.xib */,
				1B1A65C11FD8D6BC00961F63 /* GimbleViewController.h */,
				1B1A65C21FD8D6BC00961F63 /* GimbleViewController.m */,
				1B1A65C31FD8D6BC00961F63 /* GimbleViewController.xib */,
				1B3AC84F1FEB215E00BEB095 /* CleaningViewController.h */,
				1B3AC8501FEB215E00BEB095 /* CleaningViewController.m */,
				1B3AC8511FEB215E00BEB095 /* CleaningViewController.xib */,
				1B66345D20968123007CFCD4 /* VirtualStickCleaningViewController.h */,
				1B66345E20968123007CFCD4 /* VirtualStickCleaningViewController.m */,
				1B66345F20968123007CFCD4 /* VirtualStickCleaningViewController.xib */,
				1B3AC8541FEC7DC900BEB095 /* DJIGimbal+CapabilityCheck.h */,
				1B3AC8551FEC7DC900BEB095 /* DJIGimbal+CapabilityCheck.m */,
			);
			path = Config;
			sourceTree = "<group>";
		};
		1BD779E42040E24F000B021D /* ServerComm */ = {
			isa = PBXGroup;
			children = (
				1BD79C5C20423E670052BD69 /* Model */,
				1BD79C5920423E5A0052BD69 /* DroneLocationUpdate.h */,
				1BD79C5A20423E5A0052BD69 /* DroneLocationUpdate.m */,
			);
			path = ServerComm;
			sourceTree = "<group>";
		};
		1BD79C5C20423E670052BD69 /* Model */ = {
			isa = PBXGroup;
			children = (
			);
			path = Model;
			sourceTree = "<group>";
		};
		1BD79C60204B88160052BD69 /* Model */ = {
			isa = PBXGroup;
			children = (
				1BD79C61204B883C0052BD69 /* WayPointModel.h */,
				1BD79C62204B883C0052BD69 /* WayPointModel.m */,
				1BD79C64204CE0420052BD69 /* DroneStatusModel.h */,
				1BD79C65204CE0420052BD69 /* DroneStatusModel.m */,
				1BD79C67204CFC1D0052BD69 /* FollowmeConfigModel.h */,
				1BD79C68204CFC1D0052BD69 /* FollowmeConfigModel.m */,
			);
			path = Model;
			sourceTree = "<group>";
		};
		1BE5E8061FBFE40C0018E7B0 = {
			isa = PBXGroup;
			children = (
				1BE5E8111FBFE40C0018E7B0 /* iOSDroneNavigationApp */,
				1BE5E82A1FBFE40C0018E7B0 /* iOSDroneNavigationAppTests */,
				1BE5E8351FBFE40C0018E7B0 /* iOSDroneNavigationAppUITests */,
				1BE5E8101FBFE40C0018E7B0 /* Products */,
				1BE5E8671FD0C58D0018E7B0 /* Frameworks */,
				909BB1FD3C7DF05DE11CA15C /* Pods */,
			);
			sourceTree = "<group>";
		};
		1BE5E8101FBFE40C0018E7B0 /* Products */ = {
			isa = PBXGroup;
			children = (
				1BE5E80F1FBFE40C0018E7B0 /* iOSDroneNavigationApp.app */,
				1BE5E8271FBFE40C0018E7B0 /* iOSDroneNavigationAppTests.xctest */,
				1BE5E8321FBFE40C0018E7B0 /* iOSDroneNavigationAppUITests.xctest */,
			);
			name = Products;
			sourceTree = "<group>";
		};
		1BE5E8111FBFE40C0018E7B0 /* iOSDroneNavigationApp */ = {
			isa = PBXGroup;
			children = (
				1BD779E42040E24F000B021D /* ServerComm */,
				1BE5E8691FD0C5980018E7B0 /* iOSDroneNavigationApp.entitlements */,
				1BE5E8611FCFCBC50018E7B0 /* DJIControl */,
				1BE5E8441FCFC4A70018E7B0 /* UI */,
				1BE5E8121FBFE40C0018E7B0 /* AppDelegate.h */,
				1BE5E8131FBFE40C0018E7B0 /* AppDelegate.m */,
				1BE5E8151FBFE40C0018E7B0 /* ViewController.h */,
				1BE5E8161FBFE40C0018E7B0 /* ViewController.m */,
				1BE5E8181FBFE40C0018E7B0 /* Main.storyboard */,
				1BE5E81B1FBFE40C0018E7B0 /* Assets.xcassets */,
				1BE5E81D1FBFE40C0018E7B0 /* LaunchScreen.storyboard */,
				1BE5E8201FBFE40C0018E7B0 /* Info.plist */,
				1B905C162093DC22007B4F2F /* PrefixHeader.pch */,
				1BE5E8211FBFE40C0018E7B0 /* main.m */,
			);
			path = iOSDroneNavigationApp;
			sourceTree = "<group>";
		};
		1BE5E82A1FBFE40C0018E7B0 /* iOSDroneNavigationAppTests */ = {
			isa = PBXGroup;
			children = (
				1BE5E82B1FBFE40C0018E7B0 /* iOSDroneNavigationAppTests.m */,
				1BE5E82D1FBFE40C0018E7B0 /* Info.plist */,
			);
			path = iOSDroneNavigationAppTests;
			sourceTree = "<group>";
		};
		1BE5E8351FBFE40C0018E7B0 /* iOSDroneNavigationAppUITests */ = {
			isa = PBXGroup;
			children = (
				1BE5E8361FBFE40C0018E7B0 /* iOSDroneNavigationAppUITests.m */,
				1BE5E8381FBFE40C0018E7B0 /* Info.plist */,
			);
			path = iOSDroneNavigationAppUITests;
			sourceTree = "<group>";
		};
		1BE5E8441FCFC4A70018E7B0 /* UI */ = {
			isa = PBXGroup;
			children = (
				1BE5E8451FCFC4DA0018E7B0 /* LeftButtonListViewController.h */,
				1BE5E8461FCFC4DA0018E7B0 /* LeftButtonListViewController.m */,
				1BE5E8471FCFC4DA0018E7B0 /* LeftButtonListViewController.xib */,
				1BE5E84D1FCFC5120018E7B0 /* RightButtonListViewController.h */,
				1BE5E84E1FCFC5120018E7B0 /* RightButtonListViewController.m */,
				1BE5E84F1FCFC5120018E7B0 /* RightButtonListViewController.xib */,
				1BE5E8571FCFC53C0018E7B0 /* MapViewController.h */,
				1BE5E8581FCFC53C0018E7B0 /* MapViewController.m */,
				1BE5E8591FCFC53C0018E7B0 /* MapViewController.xib */,
				1BE5E85C1FCFCBB50018E7B0 /* VideoViewController.h */,
				1BE5E85D1FCFCBB50018E7B0 /* VideoViewController.m */,
				1BE5E85E1FCFCBB50018E7B0 /* VideoViewController.xib */,
				1BE5E8621FD0C2630018E7B0 /* CheckListTableViewController.h */,
				1BE5E8631FD0C2630018E7B0 /* CheckListTableViewController.m */,
				1BE5E8641FD0C2630018E7B0 /* CheckListTableViewController.xib */,
				1BE5E86F1FD0F7D90018E7B0 /* CheckListTableViewCell.h */,
				1BE5E8701FD0F7D90018E7B0 /* CheckListTableViewCell.m */,
				1BE5E8711FD0F7D90018E7B0 /* CheckListTableViewCell.xib */,
				1BE5E86A1FD0F1720018E7B0 /* VoiceViewController.h */,
				1BE5E86B1FD0F1720018E7B0 /* VoiceViewController.m */,
				1BE5E86C1FD0F1720018E7B0 /* VoiceViewController.xib */,
				1B3AC8581FEE103F00BEB095 /* OthersViewController.h */,
				1B3AC8591FEE103F00BEB095 /* OthersViewController.m */,
				1B3AC85A1FEE103F00BEB095 /* OthersViewController.xib */,
			);
			path = UI;
			sourceTree = "<group>";
		};
		1BE5E8611FCFCBC50018E7B0 /* DJIControl */ = {
			isa = PBXGroup;
			children = (
				1BD79C60204B88160052BD69 /* Model */,
				1BB508AE1FD7841E00277F23 /* Config */,
				1B5F49F61FD61C260000FAD4 /* DemoUtility.h */,
				1B5F49F71FD61C260000FAD4 /* DemoUtility.m */,
				1B1A659A1FD7EC9600961F63 /* TakeoffControl.h */,
				1B1A659B1FD7EC9600961F63 /* TakeoffControl.m */,
				1B1A65A31FD89D8C00961F63 /* DJIMapController.h */,
				1B1A65A41FD89D8C00961F63 /* DJIMapController.m */,
				1B1A65A61FD89DE100961F63 /* DJIAircraftAnnotation.h */,
				1B1A65A71FD89DE100961F63 /* DJIAircraftAnnotation.m */,
				1B1A65A91FD89E2C00961F63 /* DJIAircraftAnnotationView.h */,
				1B1A65AA1FD89E2C00961F63 /* DJIAircraftAnnotationView.m */,
				1B3AC82A1FE746D000BEB095 /* DJIController.h */,
				1B3AC82B1FE746D000BEB095 /* DJIController.m */,
				1B3AC8451FE74D1300BEB095 /* FollowmeMissionController.h */,
				1B3AC8461FE74D1300BEB095 /* FollowmeMissionController.m */,
				1B3AC84C1FEAEB9400BEB095 /* TimelineMissionController.h */,
				1B3AC84D1FEAEB9400BEB095 /* TimelineMissionController.m */,
				1B298AE52093FA200064068A /* VirtualStickController.h */,
				1B298AE62093FA200064068A /* VirtualStickController.m */,
			);
			path = DJIControl;
			sourceTree = "<group>";
		};
		1BE5E8671FD0C58D0018E7B0 /* Frameworks */ = {
			isa = PBXGroup;
			children = (
				1B3AC83A1FE74AC200BEB095 /* VideoPreviewer.xcodeproj */,
				1BE5E8681FD0C58D0018E7B0 /* MapKit.framework */,
				B40A8B2D8BC97A3193B634A1 /* libPods-iOSDroneNavigationApp.a */,
			);
			name = Frameworks;
			sourceTree = "<group>";
		};
		909BB1FD3C7DF05DE11CA15C /* Pods */ = {
			isa = PBXGroup;
			children = (
				126DFC7087B1D608A3DC060A /* Pods-iOSDroneNavigationApp.debug.xcconfig */,
				61A8619EB018B43CB30F08F8 /* Pods-iOSDroneNavigationApp.release.xcconfig */,
			);
			name = Pods;
			sourceTree = "<group>";
		};
/* End PBXGroup section */

/* Begin PBXNativeTarget section */
		1BE5E80E1FBFE40C0018E7B0 /* iOSDroneNavigationApp */ = {
			isa = PBXNativeTarget;
			buildConfigurationList = 1BE5E83B1FBFE40C0018E7B0 /* Build configuration list for PBXNativeTarget "iOSDroneNavigationApp" */;
			buildPhases = (
				5BDE10CEBD07992E3CF1D322 /* [CP] Check Pods Manifest.lock */,
				1BE5E80B1FBFE40C0018E7B0 /* Sources */,
				1BE5E80C1FBFE40C0018E7B0 /* Frameworks */,
				1BE5E80D1FBFE40C0018E7B0 /* Resources */,
				FCF8ECCDEF4CF53C69A1FE43 /* [CP] Embed Pods Frameworks */,
				10192B0ADB9DA7AB170279E0 /* [CP] Copy Pods Resources */,
				1B3AC8441FE74B3700BEB095 /* Embed Frameworks */,
			);
			buildRules = (
			);
			dependencies = (
				1B3AC8431FE74B3700BEB095 /* PBXTargetDependency */,
			);
			name = iOSDroneNavigationApp;
			productName = iOSDroneNavigationApp;
			productReference = 1BE5E80F1FBFE40C0018E7B0 /* iOSDroneNavigationApp.app */;
			productType = "com.apple.product-type.application";
		};
		1BE5E8261FBFE40C0018E7B0 /* iOSDroneNavigationAppTests */ = {
			isa = PBXNativeTarget;
			buildConfigurationList = 1BE5E83E1FBFE40C0018E7B0 /* Build configuration list for PBXNativeTarget "iOSDroneNavigationAppTests" */;
			buildPhases = (
				1BE5E8231FBFE40C0018E7B0 /* Sources */,
				1BE5E8241FBFE40C0018E7B0 /* Frameworks */,
				1BE5E8251FBFE40C0018E7B0 /* Resources */,
			);
			buildRules = (
			);
			dependencies = (
				1BE5E8291FBFE40C0018E7B0 /* PBXTargetDependency */,
			);
			name = iOSDroneNavigationAppTests;
			productName = iOSDroneNavigationAppTests;
			productReference = 1BE5E8271FBFE40C0018E7B0 /* iOSDroneNavigationAppTests.xctest */;
			productType = "com.apple.product-type.bundle.unit-test";
		};
		1BE5E8311FBFE40C0018E7B0 /* iOSDroneNavigationAppUITests */ = {
			isa = PBXNativeTarget;
			buildConfigurationList = 1BE5E8411FBFE40C0018E7B0 /* Build configuration list for PBXNativeTarget "iOSDroneNavigationAppUITests" */;
			buildPhases = (
				1BE5E82E1FBFE40C0018E7B0 /* Sources */,
				1BE5E82F1FBFE40C0018E7B0 /* Frameworks */,
				1BE5E8301FBFE40C0018E7B0 /* Resources */,
			);
			buildRules = (
			);
			dependencies = (
				1BE5E8341FBFE40C0018E7B0 /* PBXTargetDependency */,
			);
			name = iOSDroneNavigationAppUITests;
			productName = iOSDroneNavigationAppUITests;
			productReference = 1BE5E8321FBFE40C0018E7B0 /* iOSDroneNavigationAppUITests.xctest */;
			productType = "com.apple.product-type.bundle.ui-testing";
		};
/* End PBXNativeTarget section */

/* Begin PBXProject section */
		1BE5E8071FBFE40C0018E7B0 /* Project object */ = {
			isa = PBXProject;
			attributes = {
				LastUpgradeCheck = 0910;
				ORGANIZATIONNAME = "Kaixuan Wang";
				TargetAttributes = {
					1BE5E80E1FBFE40C0018E7B0 = {
						CreatedOnToolsVersion = 9.1;
						ProvisioningStyle = Automatic;
						SystemCapabilities = {
							com.apple.DataProtection = {
								enabled = 1;
							};
						};
					};
					1BE5E8261FBFE40C0018E7B0 = {
						CreatedOnToolsVersion = 9.1;
						ProvisioningStyle = Automatic;
						TestTargetID = 1BE5E80E1FBFE40C0018E7B0;
					};
					1BE5E8311FBFE40C0018E7B0 = {
						CreatedOnToolsVersion = 9.1;
						ProvisioningStyle = Automatic;
						TestTargetID = 1BE5E80E1FBFE40C0018E7B0;
					};
				};
			};
			buildConfigurationList = 1BE5E80A1FBFE40C0018E7B0 /* Build configuration list for PBXProject "iOSDroneNavigationApp" */;
			compatibilityVersion = "Xcode 8.0";
			developmentRegion = en;
			hasScannedForEncodings = 0;
			knownRegions = (
				en,
				Base,
			);
			mainGroup = 1BE5E8061FBFE40C0018E7B0;
			productRefGroup = 1BE5E8101FBFE40C0018E7B0 /* Products */;
			projectDirPath = "";
			projectReferences = (
				{
					ProductGroup = 1B3AC83B1FE74AC200BEB095 /* Products */;
					ProjectRef = 1B3AC83A1FE74AC200BEB095 /* VideoPreviewer.xcodeproj */;
				},
			);
			projectRoot = "";
			targets = (
				1BE5E80E1FBFE40C0018E7B0 /* iOSDroneNavigationApp */,
				1BE5E8261FBFE40C0018E7B0 /* iOSDroneNavigationAppTests */,
				1BE5E8311FBFE40C0018E7B0 /* iOSDroneNavigationAppUITests */,
			);
		};
/* End PBXProject section */

/* Begin PBXReferenceProxy section */
		1B3AC83F1FE74AC300BEB095 /* VideoPreviewer.framework */ = {
			isa = PBXReferenceProxy;
			fileType = wrapper.framework;
			path = VideoPreviewer.framework;
			remoteRef = 1B3AC83E1FE74AC300BEB095 /* PBXContainerItemProxy */;
			sourceTree = BUILT_PRODUCTS_DIR;
		};
/* End PBXReferenceProxy section */

/* Begin PBXResourcesBuildPhase section */
		1BE5E80D1FBFE40C0018E7B0 /* Resources */ = {
			isa = PBXResourcesBuildPhase;
			buildActionMask = 2147483647;
			files = (
				1B1A65C51FD8D6BC00961F63 /* GimbleViewController.xib in Resources */,
				1B3AC8531FEB215E00BEB095 /* CleaningViewController.xib in Resources */,
				1B1A65BA1FD8C08B00961F63 /* LandingViewController.xib in Resources */,
				1BE5E81F1FBFE40C0018E7B0 /* LaunchScreen.storyboard in Resources */,
				1BE5E8511FCFC5120018E7B0 /* RightButtonListViewController.xib in Resources */,
				1BE5E81C1FBFE40C0018E7B0 /* Assets.xcassets in Resources */,
				1B1A65C01FD8D6A600961F63 /* ExploreConfigViewController.xib in Resources */,
				1BE5E85B1FCFC53C0018E7B0 /* MapViewController.xib in Resources */,
				1B3AC85C1FEE103F00BEB095 /* OthersViewController.xib in Resources */,
				1B1A65A21FD8942100961F63 /* AddPinViewController.xib in Resources */,
				1BE5E8661FD0C2630018E7B0 /* CheckListTableViewController.xib in Resources */,
				1BE5E86E1FD0F1720018E7B0 /* VoiceViewController.xib in Resources */,
				1BE5E8731FD0F7D90018E7B0 /* CheckListTableViewCell.xib in Resources */,
				1B1A65991FD7DCC800961F63 /* TakeoffViewController.xib in Resources */,
				1BE5E8491FCFC4DA0018E7B0 /* LeftButtonListViewController.xib in Resources */,
				1B1A65B51FD8B2E000961F63 /* FollowmeConfigViewController.xib in Resources */,
				1B66346120968123007CFCD4 /* VirtualStickCleaningViewController.xib in Resources */,
				1BE5E8601FCFCBB50018E7B0 /* VideoViewController.xib in Resources */,
				1B1A65B01FD8ADCF00961F63 /* ToLocationConfigViewController.xib in Resources */,
				1BE5E81A1FBFE40C0018E7B0 /* Main.storyboard in Resources */,
			);
			runOnlyForDeploymentPostprocessing = 0;
		};
		1BE5E8251FBFE40C0018E7B0 /* Resources */ = {
			isa = PBXResourcesBuildPhase;
			buildActionMask = 2147483647;
			files = (
			);
			runOnlyForDeploymentPostprocessing = 0;
		};
		1BE5E8301FBFE40C0018E7B0 /* Resources */ = {
			isa = PBXResourcesBuildPhase;
			buildActionMask = 2147483647;
			files = (
			);
			runOnlyForDeploymentPostprocessing = 0;
		};
/* End PBXResourcesBuildPhase section */

/* Begin PBXShellScriptBuildPhase section */
		10192B0ADB9DA7AB170279E0 /* [CP] Copy Pods Resources */ = {
			isa = PBXShellScriptBuildPhase;
			buildActionMask = 2147483647;
			files = (
			);
			inputPaths = (
			);
			name = "[CP] Copy Pods Resources";
			outputPaths = (
			);
			runOnlyForDeploymentPostprocessing = 0;
			shellPath = /bin/sh;
			shellScript = "\"${SRCROOT}/Pods/Target Support Files/Pods-iOSDroneNavigationApp/Pods-iOSDroneNavigationApp-resources.sh\"\n";
			showEnvVarsInLog = 0;
		};
		5BDE10CEBD07992E3CF1D322 /* [CP] Check Pods Manifest.lock */ = {
			isa = PBXShellScriptBuildPhase;
			buildActionMask = 2147483647;
			files = (
			);
			inputPaths = (
				"${PODS_PODFILE_DIR_PATH}/Podfile.lock",
				"${PODS_ROOT}/Manifest.lock",
			);
			name = "[CP] Check Pods Manifest.lock";
			outputPaths = (
				"$(DERIVED_FILE_DIR)/Pods-iOSDroneNavigationApp-checkManifestLockResult.txt",
			);
			runOnlyForDeploymentPostprocessing = 0;
			shellPath = /bin/sh;
			shellScript = "diff \"${PODS_PODFILE_DIR_PATH}/Podfile.lock\" \"${PODS_ROOT}/Manifest.lock\" > /dev/null\nif [ $? != 0 ] ; then\n    # print error to STDERR\n    echo \"error: The sandbox is not in sync with the Podfile.lock. Run 'pod install' or update your CocoaPods installation.\" >&2\n    exit 1\nfi\n# This output is used by Xcode 'outputs' to avoid re-running this script phase.\necho \"SUCCESS\" > \"${SCRIPT_OUTPUT_FILE_0}\"\n";
			showEnvVarsInLog = 0;
		};
		FCF8ECCDEF4CF53C69A1FE43 /* [CP] Embed Pods Frameworks */ = {
			isa = PBXShellScriptBuildPhase;
			buildActionMask = 2147483647;
			files = (
			);
			inputPaths = (
				"${SRCROOT}/Pods/Target Support Files/Pods-iOSDroneNavigationApp/Pods-iOSDroneNavigationApp-frameworks.sh",
				"${PODS_ROOT}/DJI-SDK-iOS/iOS_Mobile_SDK/DJISDK.framework",
			);
			name = "[CP] Embed Pods Frameworks";
			outputPaths = (
				"${TARGET_BUILD_DIR}/${FRAMEWORKS_FOLDER_PATH}/DJISDK.framework",
			);
			runOnlyForDeploymentPostprocessing = 0;
			shellPath = /bin/sh;
			shellScript = "\"${SRCROOT}/Pods/Target Support Files/Pods-iOSDroneNavigationApp/Pods-iOSDroneNavigationApp-frameworks.sh\"\n";
			showEnvVarsInLog = 0;
		};
/* End PBXShellScriptBuildPhase section */

/* Begin PBXSourcesBuildPhase section */
		1BE5E80B1FBFE40C0018E7B0 /* Sources */ = {
			isa = PBXSourcesBuildPhase;
			buildActionMask = 2147483647;
			files = (
				1B3AC8561FEC7DC900BEB095 /* DJIGimbal+CapabilityCheck.m in Sources */,
				1BD79C66204CE0420052BD69 /* DroneStatusModel.m in Sources */,
				1B3AC8521FEB215E00BEB095 /* CleaningViewController.m in Sources */,
				1B1A65A81FD89DE100961F63 /* DJIAircraftAnnotation.m in Sources */,
				1B3AC84E1FEAEB9400BEB095 /* TimelineMissionController.m in Sources */,
				1B1A65BF1FD8D6A600961F63 /* ExploreConfigViewController.m in Sources */,
				1B66346020968123007CFCD4 /* VirtualStickCleaningViewController.m in Sources */,
				1B1A65A51FD89D8C00961F63 /* DJIMapController.m in Sources */,
				1BE5E86D1FD0F1720018E7B0 /* VoiceViewController.m in Sources */,
				1BE5E8171FBFE40C0018E7B0 /* ViewController.m in Sources */,
				1BE5E8221FBFE40C0018E7B0 /* main.m in Sources */,
				1B298AE72093FA200064068A /* VirtualStickController.m in Sources */,
				1B1A65C41FD8D6BC00961F63 /* GimbleViewController.m in Sources */,
				1BE5E8651FD0C2630018E7B0 /* CheckListTableViewController.m in Sources */,
				1B1A65B91FD8C08B00961F63 /* LandingViewController.m in Sources */,
				1B1A65AB1FD89E2C00961F63 /* DJIAircraftAnnotationView.m in Sources */,
				1B1A659C1FD7EC9600961F63 /* TakeoffControl.m in Sources */,
				1BD79C5B20423E5A0052BD69 /* DroneLocationUpdate.m in Sources */,
				1B3AC82C1FE746D000BEB095 /* DJIController.m in Sources */,
				1B3AC85B1FEE103F00BEB095 /* OthersViewController.m in Sources */,
				1BE5E8721FD0F7D90018E7B0 /* CheckListTableViewCell.m in Sources */,
				1B1A65981FD7DCC800961F63 /* TakeoffViewController.m in Sources */,
				1BE5E8141FBFE40C0018E7B0 /* AppDelegate.m in Sources */,
				1B1A65A11FD8942100961F63 /* AddPinViewController.m in Sources */,
				1BE5E8481FCFC4DA0018E7B0 /* LeftButtonListViewController.m in Sources */,
				1B3AC8471FE74D1300BEB095 /* FollowmeMissionController.m in Sources */,
				1B1A65B41FD8B2E000961F63 /* FollowmeConfigViewController.m in Sources */,
				1BE5E8501FCFC5120018E7B0 /* RightButtonListViewController.m in Sources */,
				1B1A65AF1FD8ADCF00961F63 /* ToLocationConfigViewController.m in Sources */,
				1BE5E85F1FCFCBB50018E7B0 /* VideoViewController.m in Sources */,
				1BD79C69204CFC1D0052BD69 /* FollowmeConfigModel.m in Sources */,
				1B5F49F81FD61C260000FAD4 /* DemoUtility.m in Sources */,
				1BD79C63204B883C0052BD69 /* WayPointModel.m in Sources */,
				1BE5E85A1FCFC53C0018E7B0 /* MapViewController.m in Sources */,
			);
			runOnlyForDeploymentPostprocessing = 0;
		};
		1BE5E8231FBFE40C0018E7B0 /* Sources */ = {
			isa = PBXSourcesBuildPhase;
			buildActionMask = 2147483647;
			files = (
				1BE5E82C1FBFE40C0018E7B0 /* iOSDroneNavigationAppTests.m in Sources */,
			);
			runOnlyForDeploymentPostprocessing = 0;
		};
		1BE5E82E1FBFE40C0018E7B0 /* Sources */ = {
			isa = PBXSourcesBuildPhase;
			buildActionMask = 2147483647;
			files = (
				1BE5E8371FBFE40C0018E7B0 /* iOSDroneNavigationAppUITests.m in Sources */,
			);
			runOnlyForDeploymentPostprocessing = 0;
		};
/* End PBXSourcesBuildPhase section */

/* Begin PBXTargetDependency section */
		1B3AC8431FE74B3700BEB095 /* PBXTargetDependency */ = {
			isa = PBXTargetDependency;
			name = VideoPreviewer;
			targetProxy = 1B3AC8421FE74B3700BEB095 /* PBXContainerItemProxy */;
		};
		1BE5E8291FBFE40C0018E7B0 /* PBXTargetDependency */ = {
			isa = PBXTargetDependency;
			target = 1BE5E80E1FBFE40C0018E7B0 /* iOSDroneNavigationApp */;
			targetProxy = 1BE5E8281FBFE40C0018E7B0 /* PBXContainerItemProxy */;
		};
		1BE5E8341FBFE40C0018E7B0 /* PBXTargetDependency */ = {
			isa = PBXTargetDependency;
			target = 1BE5E80E1FBFE40C0018E7B0 /* iOSDroneNavigationApp */;
			targetProxy = 1BE5E8331FBFE40C0018E7B0 /* PBXContainerItemProxy */;
		};
/* End PBXTargetDependency section */

/* Begin PBXVariantGroup section */
		1BE5E8181FBFE40C0018E7B0 /* Main.storyboard */ = {
			isa = PBXVariantGroup;
			children = (
				1BE5E8191FBFE40C0018E7B0 /* Base */,
			);
			name = Main.storyboard;
			sourceTree = "<group>";
		};
		1BE5E81D1FBFE40C0018E7B0 /* LaunchScreen.storyboard */ = {
			isa = PBXVariantGroup;
			children = (
				1BE5E81E1FBFE40C0018E7B0 /* Base */,
			);
			name = LaunchScreen.storyboard;
			sourceTree = "<group>";
		};
/* End PBXVariantGroup section */

/* Begin XCBuildConfiguration section */
		1BE5E8391FBFE40C0018E7B0 /* Debug */ = {
			isa = XCBuildConfiguration;
			buildSettings = {
				ALWAYS_SEARCH_USER_PATHS = NO;
				CLANG_ANALYZER_NONNULL = YES;
				CLANG_ANALYZER_NUMBER_OBJECT_CONVERSION = YES_AGGRESSIVE;
				CLANG_CXX_LANGUAGE_STANDARD = "gnu++14";
				CLANG_CXX_LIBRARY = "libc++";
				CLANG_ENABLE_MODULES = YES;
				CLANG_ENABLE_OBJC_ARC = YES;
				CLANG_WARN_BLOCK_CAPTURE_AUTORELEASING = YES;
				CLANG_WARN_BOOL_CONVERSION = YES;
				CLANG_WARN_COMMA = YES;
				CLANG_WARN_CONSTANT_CONVERSION = YES;
				CLANG_WARN_DIRECT_OBJC_ISA_USAGE = YES_ERROR;
				CLANG_WARN_DOCUMENTATION_COMMENTS = YES;
				CLANG_WARN_EMPTY_BODY = YES;
				CLANG_WARN_ENUM_CONVERSION = YES;
				CLANG_WARN_INFINITE_RECURSION = YES;
				CLANG_WARN_INT_CONVERSION = YES;
				CLANG_WARN_NON_LITERAL_NULL_CONVERSION = YES;
				CLANG_WARN_OBJC_LITERAL_CONVERSION = YES;
				CLANG_WARN_OBJC_ROOT_CLASS = YES_ERROR;
				CLANG_WARN_RANGE_LOOP_ANALYSIS = YES;
				CLANG_WARN_STRICT_PROTOTYPES = YES;
				CLANG_WARN_SUSPICIOUS_MOVE = YES;
				CLANG_WARN_UNGUARDED_AVAILABILITY = YES_AGGRESSIVE;
				CLANG_WARN_UNREACHABLE_CODE = YES;
				CLANG_WARN__DUPLICATE_METHOD_MATCH = YES;
				CODE_SIGN_IDENTITY = "iPhone Developer";
				COPY_PHASE_STRIP = NO;
				DEBUG_INFORMATION_FORMAT = dwarf;
				ENABLE_STRICT_OBJC_MSGSEND = YES;
				ENABLE_TESTABILITY = YES;
				GCC_C_LANGUAGE_STANDARD = gnu11;
				GCC_DYNAMIC_NO_PIC = NO;
				GCC_NO_COMMON_BLOCKS = YES;
				GCC_OPTIMIZATION_LEVEL = 0;
				GCC_PREPROCESSOR_DEFINITIONS = (
					"DEBUG=1",
					"$(inherited)",
				);
				GCC_WARN_64_TO_32_BIT_CONVERSION = YES;
				GCC_WARN_ABOUT_RETURN_TYPE = YES_ERROR;
				GCC_WARN_UNDECLARED_SELECTOR = YES;
				GCC_WARN_UNINITIALIZED_AUTOS = YES_AGGRESSIVE;
				GCC_WARN_UNUSED_FUNCTION = YES;
				GCC_WARN_UNUSED_VARIABLE = YES;
				IPHONEOS_DEPLOYMENT_TARGET = 11.1;
				MTL_ENABLE_DEBUG_INFO = YES;
				ONLY_ACTIVE_ARCH = YES;
				SDKROOT = iphoneos;
			};
			name = Debug;
		};
		1BE5E83A1FBFE40C0018E7B0 /* Release */ = {
			isa = XCBuildConfiguration;
			buildSettings = {
				ALWAYS_SEARCH_USER_PATHS = NO;
				CLANG_ANALYZER_NONNULL = YES;
				CLANG_ANALYZER_NUMBER_OBJECT_CONVERSION = YES_AGGRESSIVE;
				CLANG_CXX_LANGUAGE_STANDARD = "gnu++14";
				CLANG_CXX_LIBRARY = "libc++";
				CLANG_ENABLE_MODULES = YES;
				CLANG_ENABLE_OBJC_ARC = YES;
				CLANG_WARN_BLOCK_CAPTURE_AUTORELEASING = YES;
				CLANG_WARN_BOOL_CONVERSION = YES;
				CLANG_WARN_COMMA = YES;
				CLANG_WARN_CONSTANT_CONVERSION = YES;
				CLANG_WARN_DIRECT_OBJC_ISA_USAGE = YES_ERROR;
				CLANG_WARN_DOCUMENTATION_COMMENTS = YES;
				CLANG_WARN_EMPTY_BODY = YES;
				CLANG_WARN_ENUM_CONVERSION = YES;
				CLANG_WARN_INFINITE_RECURSION = YES;
				CLANG_WARN_INT_CONVERSION = YES;
				CLANG_WARN_NON_LITERAL_NULL_CONVERSION = YES;
				CLANG_WARN_OBJC_LITERAL_CONVERSION = YES;
				CLANG_WARN_OBJC_ROOT_CLASS = YES_ERROR;
				CLANG_WARN_RANGE_LOOP_ANALYSIS = YES;
				CLANG_WARN_STRICT_PROTOTYPES = YES;
				CLANG_WARN_SUSPICIOUS_MOVE = YES;
				CLANG_WARN_UNGUARDED_AVAILABILITY = YES_AGGRESSIVE;
				CLANG_WARN_UNREACHABLE_CODE = YES;
				CLANG_WARN__DUPLICATE_METHOD_MATCH = YES;
				CODE_SIGN_IDENTITY = "iPhone Developer";
				COPY_PHASE_STRIP = NO;
				DEBUG_INFORMATION_FORMAT = "dwarf-with-dsym";
				ENABLE_NS_ASSERTIONS = NO;
				ENABLE_STRICT_OBJC_MSGSEND = YES;
				GCC_C_LANGUAGE_STANDARD = gnu11;
				GCC_NO_COMMON_BLOCKS = YES;
				GCC_WARN_64_TO_32_BIT_CONVERSION = YES;
				GCC_WARN_ABOUT_RETURN_TYPE = YES_ERROR;
				GCC_WARN_UNDECLARED_SELECTOR = YES;
				GCC_WARN_UNINITIALIZED_AUTOS = YES_AGGRESSIVE;
				GCC_WARN_UNUSED_FUNCTION = YES;
				GCC_WARN_UNUSED_VARIABLE = YES;
				IPHONEOS_DEPLOYMENT_TARGET = 11.1;
				MTL_ENABLE_DEBUG_INFO = NO;
				SDKROOT = iphoneos;
				VALIDATE_PRODUCT = YES;
			};
			name = Release;
		};
		1BE5E83C1FBFE40C0018E7B0 /* Debug */ = {
			isa = XCBuildConfiguration;
			baseConfigurationReference = 126DFC7087B1D608A3DC060A /* Pods-iOSDroneNavigationApp.debug.xcconfig */;
			buildSettings = {
				ASSETCATALOG_COMPILER_APPICON_NAME = AppIcon;
				CODE_SIGN_ENTITLEMENTS = iOSDroneNavigationApp/iOSDroneNavigationApp.entitlements;
				CODE_SIGN_STYLE = Automatic;
				DEVELOPMENT_TEAM = 436L8X6JUP;
				ENABLE_BITCODE = NO;
				GCC_PRECOMPILE_PREFIX_HEADER = YES;
				GCC_PREFIX_HEADER = "$(SRCROOT)/iOSDroneNavigationApp/PrefixHeader.pch";
				INFOPLIST_FILE = iOSDroneNavigationApp/Info.plist;
				LD_RUNPATH_SEARCH_PATHS = "$(inherited) @executable_path/Frameworks";
				PRODUCT_BUNDLE_IDENTIFIER = com.sjsu.graffiti.iOSDroneNavigationApp;
				PRODUCT_NAME = "$(TARGET_NAME)";
				TARGETED_DEVICE_FAMILY = "1,2";
			};
			name = Debug;
		};
		1BE5E83D1FBFE40C0018E7B0 /* Release */ = {
			isa = XCBuildConfiguration;
			baseConfigurationReference = 61A8619EB018B43CB30F08F8 /* Pods-iOSDroneNavigationApp.release.xcconfig */;
			buildSettings = {
				ASSETCATALOG_COMPILER_APPICON_NAME = AppIcon;
				CODE_SIGN_ENTITLEMENTS = iOSDroneNavigationApp/iOSDroneNavigationApp.entitlements;
				CODE_SIGN_STYLE = Automatic;
				DEVELOPMENT_TEAM = 436L8X6JUP;
				ENABLE_BITCODE = NO;
				GCC_PRECOMPILE_PREFIX_HEADER = YES;
				GCC_PREFIX_HEADER = "$(SRCROOT)/iOSDroneNavigationApp/PrefixHeader.pch";
				INFOPLIST_FILE = iOSDroneNavigationApp/Info.plist;
				LD_RUNPATH_SEARCH_PATHS = "$(inherited) @executable_path/Frameworks";
				PRODUCT_BUNDLE_IDENTIFIER = com.sjsu.graffiti.iOSDroneNavigationApp;
				PRODUCT_NAME = "$(TARGET_NAME)";
				TARGETED_DEVICE_FAMILY = "1,2";
			};
			name = Release;
		};
		1BE5E83F1FBFE40C0018E7B0 /* Debug */ = {
			isa = XCBuildConfiguration;
			buildSettings = {
				BUNDLE_LOADER = "$(TEST_HOST)";
				CODE_SIGN_STYLE = Automatic;
				DEVELOPMENT_TEAM = 436L8X6JUP;
				INFOPLIST_FILE = iOSDroneNavigationAppTests/Info.plist;
				LD_RUNPATH_SEARCH_PATHS = "$(inherited) @executable_path/Frameworks @loader_path/Frameworks";
				PRODUCT_BUNDLE_IDENTIFIER = com.sjsu.graffiti.iOSDroneNavigationAppTests;
				PRODUCT_NAME = "$(TARGET_NAME)";
				TARGETED_DEVICE_FAMILY = "1,2";
				TEST_HOST = "$(BUILT_PRODUCTS_DIR)/iOSDroneNavigationApp.app/iOSDroneNavigationApp";
			};
			name = Debug;
		};
		1BE5E8401FBFE40C0018E7B0 /* Release */ = {
			isa = XCBuildConfiguration;
			buildSettings = {
				BUNDLE_LOADER = "$(TEST_HOST)";
				CODE_SIGN_STYLE = Automatic;
				DEVELOPMENT_TEAM = 436L8X6JUP;
				INFOPLIST_FILE = iOSDroneNavigationAppTests/Info.plist;
				LD_RUNPATH_SEARCH_PATHS = "$(inherited) @executable_path/Frameworks @loader_path/Frameworks";
				PRODUCT_BUNDLE_IDENTIFIER = com.sjsu.graffiti.iOSDroneNavigationAppTests;
				PRODUCT_NAME = "$(TARGET_NAME)";
				TARGETED_DEVICE_FAMILY = "1,2";
				TEST_HOST = "$(BUILT_PRODUCTS_DIR)/iOSDroneNavigationApp.app/iOSDroneNavigationApp";
			};
			name = Release;
		};
		1BE5E8421FBFE40C0018E7B0 /* Debug */ = {
			isa = XCBuildConfiguration;
			buildSettings = {
				CODE_SIGN_STYLE = Automatic;
				DEVELOPMENT_TEAM = 436L8X6JUP;
				INFOPLIST_FILE = iOSDroneNavigationAppUITests/Info.plist;
				LD_RUNPATH_SEARCH_PATHS = "$(inherited) @executable_path/Frameworks @loader_path/Frameworks";
				PRODUCT_BUNDLE_IDENTIFIER = com.sjsu.graffiti.iOSDroneNavigationAppUITests;
				PRODUCT_NAME = "$(TARGET_NAME)";
				TARGETED_DEVICE_FAMILY = "1,2";
				TEST_TARGET_NAME = iOSDroneNavigationApp;
			};
			name = Debug;
		};
		1BE5E8431FBFE40C0018E7B0 /* Release */ = {
			isa = XCBuildConfiguration;
			buildSettings = {
				CODE_SIGN_STYLE = Automatic;
				DEVELOPMENT_TEAM = 436L8X6JUP;
				INFOPLIST_FILE = iOSDroneNavigationAppUITests/Info.plist;
				LD_RUNPATH_SEARCH_PATHS = "$(inherited) @executable_path/Frameworks @loader_path/Frameworks";
				PRODUCT_BUNDLE_IDENTIFIER = com.sjsu.graffiti.iOSDroneNavigationAppUITests;
				PRODUCT_NAME = "$(TARGET_NAME)";
				TARGETED_DEVICE_FAMILY = "1,2";
				TEST_TARGET_NAME = iOSDroneNavigationApp;
			};
			name = Release;
		};
/* End XCBuildConfiguration section */

/* Begin XCConfigurationList section */
		1BE5E80A1FBFE40C0018E7B0 /* Build configuration list for PBXProject "iOSDroneNavigationApp" */ = {
			isa = XCConfigurationList;
			buildConfigurations = (
				1BE5E8391FBFE40C0018E7B0 /* Debug */,
				1BE5E83A1FBFE40C0018E7B0 /* Release */,
			);
			defaultConfigurationIsVisible = 0;
			defaultConfigurationName = Release;
		};
		1BE5E83B1FBFE40C0018E7B0 /* Build configuration list for PBXNativeTarget "iOSDroneNavigationApp" */ = {
			isa = XCConfigurationList;
			buildConfigurations = (
				1BE5E83C1FBFE40C0018E7B0 /* Debug */,
				1BE5E83D1FBFE40C0018E7B0 /* Release */,
			);
			defaultConfigurationIsVisible = 0;
			defaultConfigurationName = Release;
		};
		1BE5E83E1FBFE40C0018E7B0 /* Build configuration list for PBXNativeTarget "iOSDroneNavigationAppTests" */ = {
			isa = XCConfigurationList;
			buildConfigurations = (
				1BE5E83F1FBFE40C0018E7B0 /* Debug */,
				1BE5E8401FBFE40C0018E7B0 /* Release */,
			);
			defaultConfigurationIsVisible = 0;
			defaultConfigurationName = Release;
		};
		1BE5E8411FBFE40C0018E7B0 /* Build configuration list for PBXNativeTarget "iOSDroneNavigationAppUITests" */ = {
			isa = XCConfigurationList;
			buildConfigurations = (
				1BE5E8421FBFE40C0018E7B0 /* Debug */,
				1BE5E8431FBFE40C0018E7B0 /* Release */,
			);
			defaultConfigurationIsVisible = 0;
			defaultConfigurationName = Release;
		};
/* End XCConfigurationList section */
	};
	rootObject = 1BE5E8071FBFE40C0018E7B0 /* Project object */;
}
